
Microsoft Visual Studio Solution File, Format Version 12.00
# Visual Studio Version 16
VisualStudioVersion = 16.0.31112.23
MinimumVisualStudioVersion = 10.0.40219.1
Project("{2150E333-8FDC-42A3-9474-1A3956D46DE8}") = "Chapter02", "Chapter02", "{1BF3FEE2-560D-4261-A8A3-C3A13EFD1168}"
EndProject
Project("{FAE04EC0-301F-11D3-BF4B-00C04F79EFBC}") = "DistanceConverter", "DistanceConverter\DistanceConverter.csproj", "{3A65E484-4B4C-4AEC-9EDC-CF20094965C3}"
EndProject
Project("{FAE04EC0-301F-11D3-BF4B-00C04F79EFBC}") = "SalesCalculator", "SalesCalculator\SalesCalculator.csproj", "{EA5A3E00-3537-4B83-A70C-DD57F96D0FC0}"
EndProject
Project("{FAE04EC0-301F-11D3-BF4B-00C04F79EFBC}") = "Exercise1", "Exercise1\Exercise1.csproj", "{E04FC122-8596-4230-B3D7-091D2B59D8BA}"
EndProject
Project("{2150E333-8FDC-42A3-9474-1A3956D46DE8}") = "Exercise", "Exercise", "{9A867249-3AA7-4FFA-9E98-D35D8EDCB6B3}"
EndProject
Project("{FAE04EC0-301F-11D3-BF4B-00C04F79EFBC}") = "Exercise2", "Exercise2\Exercise2.csproj", "{D68703BA-8C8D-4E2B-BB76-489ED9EAB154}"
EndProject
Project("{FAE04EC0-301F-11D3-BF4B-00C04F79EFBC}") = "Exercise3", "Exercise3\Exercise3.csproj", "{74D3A0D2-DC99-4AEF-83ED-49E0855A8852}"
EndProject
Project("{2150E333-8FDC-42A3-9474-1A3956D46DE8}") = "Chapter03", "Chapter03", "{471E2BC1-DAF5-4025-ACCE-3E304D051772}"
EndProject
Project("{FAE04EC0-301F-11D3-BF4B-00C04F79EFBC}") = "Section01", "Section01\Section01.csproj", "{21BE3DAF-C603-4FB3-A9C9-19710604BFC7}"
EndProject
Project("{FAE04EC0-301F-11D3-BF4B-00C04F79EFBC}") = "Section01", "Chapter04\Section01\Section01.csproj", "{900FD230-FCCB-492C-B058-E40E4A042EC0}"
EndProject
Project("{2150E333-8FDC-42A3-9474-1A3956D46DE8}") = "Chapter04", "Chapter04", "{0E168EBA-1C6C-4672-BB73-0C314DFD4A4F}"
EndProject
Project("{FAE04EC0-301F-11D3-BF4B-00C04F79EFBC}") = "Exercise1", "Chapter04\Exercise\Exercise1\Exercise1.csproj", "{6B6126C9-8E3C-4B19-AA9B-2095080A95E5}"
EndProject
Project("{2150E333-8FDC-42A3-9474-1A3956D46DE8}") = "Exercise", "Exercise", "{1A1E2794-F66E-4172-AEED-3FFFB5CEE618}"
EndProject
Project("{FAE04EC0-301F-11D3-BF4B-00C04F79EFBC}") = "Exercise2", "Chapter04\Exercise2\Exercise2.csproj", "{F6401327-F54A-4739-94FA-68330CCDBF32}"
EndProject
Project("{FAE04EC0-301F-11D3-BF4B-00C04F79EFBC}") = "Exercise1", "Chapter05\Exercise1\Exercise1.csproj", "{0D764B99-5EE9-491B-B3F6-84365AD53CC7}"
EndProject
Project("{2150E333-8FDC-42A3-9474-1A3956D46DE8}") = "Chapter05", "Chapter05", "{2A866534-9FFB-4671-B574-1C2AE14597A3}"
EndProject
Project("{FAE04EC0-301F-11D3-BF4B-00C04F79EFBC}") = "Test01", "TestProject\Test01\Test01.csproj", "{2BFACDC3-F44D-4199-8498-F5C3C4AC0335}"
EndProject
Project("{FAE04EC0-301F-11D3-BF4B-00C04F79EFBC}") = "Test02", "TestProject\Test02\Test02.csproj", "{E461C0A8-8900-485C-B520-E929BA33F712}"
EndProject
Project("{2150E333-8FDC-42A3-9474-1A3956D46DE8}") = "TestProject", "TestProject", "{1AE10D39-D1ED-477C-98A5-055388D2E582}"
EndProject
Project("{FAE04EC0-301F-11D3-BF4B-00C04F79EFBC}") = "Exercise2", "Chapter05\Exercise2\Exercise2.csproj", "{99E5C30A-6A22-4CC0-AEA6-DFFB00FD44D9}"
EndProject
Project("{FAE04EC0-301F-11D3-BF4B-00C04F79EFBC}") = "Exercise3", "Chapter05\Exercise3\Exercise3.csproj", "{0AEB64B0-BF34-4515-AC87-665C48A4A01E}"
EndProject
Project("{FAE04EC0-301F-11D3-BF4B-00C04F79EFBC}") = "Section01", "Chapter06\Section01\Section01.csproj", "{EF9455D2-52DB-49E8-8C55-670B4A73DA23}"
EndProject
Project("{2150E333-8FDC-42A3-9474-1A3956D46DE8}") = "Chapter06", "Chapter06", "{937EE674-4C02-40E0-892D-4FB50C493299}"
EndProject
Project("{FAE04EC0-301F-11D3-BF4B-00C04F79EFBC}") = "Exercise1", "Chapter06\Exercise\Exercise1\Exercise1.csproj", "{1E885DF3-233B-466A-A52A-2DCC61A511C0}"
EndProject
Project("{FAE04EC0-301F-11D3-BF4B-00C04F79EFBC}") = "Exercise2", "Chapter06\Exercise\Exercise2\Exercise2.csproj", "{ADDBC5E9-6D37-4094-8370-A54DE0F6485E}"
EndProject
Project("{FAE04EC0-301F-11D3-BF4B-00C04F79EFBC}") = "Exercise1", "Chapter07\Exercise1\Exercise1.csproj", "{96B869B9-752B-486B-B89D-C39EC45B1288}"
EndProject
Project("{2150E333-8FDC-42A3-9474-1A3956D46DE8}") = "Chapter07", "Chapter07", "{8839B464-2FC5-4B2C-B568-DAA972E4B287}"
EndProject
Project("{FAE04EC0-301F-11D3-BF4B-00C04F79EFBC}") = "Section03", "Chapter07\Section03\Section03.csproj", "{9666A25E-BC82-487A-A2BF-FF02E7DD010C}"
EndProject
Project("{2150E333-8FDC-42A3-9474-1A3956D46DE8}") = "Chapter08", "Chapter08", "{41C006CD-283A-4FEB-B9FE-53DD8F2FD1DE}"
EndProject
Project("{FAE04EC0-301F-11D3-BF4B-00C04F79EFBC}") = "Exercise1", "Chapter08\Exercise1\Exercise1.csproj", "{ECC21992-DC9F-40BF-8B60-8C19ED65749C}"
EndProject
Project("{2150E333-8FDC-42A3-9474-1A3956D46DE8}") = "Exercise", "Exercise", "{BC7CB75D-77D9-4321-92F8-FE4F91E78DEC}"
EndProject
Project("{FAE04EC0-301F-11D3-BF4B-00C04F79EFBC}") = "Exercise1", "Chapter08\Exercise\Exercise1\Exercise1.csproj", "{CAC2DB79-DFF9-4B9B-9ACA-18A1FDB396E8}"
EndProject
Project("{FAE04EC0-301F-11D3-BF4B-00C04F79EFBC}") = "StopWatch", "Chapter08\StopWatch\StopWatch.csproj", "{883A34B7-6ECE-4948-BB6F-760E5887F653}"
EndProject
Project("{2150E333-8FDC-42A3-9474-1A3956D46DE8}") = "CarReportSystem", "CarReportSystem", "{D76980F4-CF70-45FF-8209-F0CBD87B0D51}"
EndProject
Project("{FAE04EC0-301F-11D3-BF4B-00C04F79EFBC}") = "CarReportSystem", "CarReportSystem\CarReportSystem\CarReportSystem.csproj", "{E1C29A32-E3A4-4C67-927D-C49E8BBE2F1D}"
EndProject
Global
	GlobalSection(SolutionConfigurationPlatforms) = preSolution
		Debug|Any CPU = Debug|Any CPU
		Release|Any CPU = Release|Any CPU
	EndGlobalSection
	GlobalSection(ProjectConfigurationPlatforms) = postSolution
		{3A65E484-4B4C-4AEC-9EDC-CF20094965C3}.Debug|Any CPU.ActiveCfg = Debug|Any CPU
		{3A65E484-4B4C-4AEC-9EDC-CF20094965C3}.Debug|Any CPU.Build.0 = Debug|Any CPU
		{3A65E484-4B4C-4AEC-9EDC-CF20094965C3}.Release|Any CPU.ActiveCfg = Release|Any CPU
		{3A65E484-4B4C-4AEC-9EDC-CF20094965C3}.Release|Any CPU.Build.0 = Release|Any CPU
		{EA5A3E00-3537-4B83-A70C-DD57F96D0FC0}.Debug|Any CPU.ActiveCfg = Debug|Any CPU
		{EA5A3E00-3537-4B83-A70C-DD57F96D0FC0}.Debug|Any CPU.Build.0 = Debug|Any CPU
		{EA5A3E00-3537-4B83-A70C-DD57F96D0FC0}.Release|Any CPU.ActiveCfg = Release|Any CPU
		{EA5A3E00-3537-4B83-A70C-DD57F96D0FC0}.Release|Any CPU.Build.0 = Release|Any CPU
		{E04FC122-8596-4230-B3D7-091D2B59D8BA}.Debug|Any CPU.ActiveCfg = Debug|Any CPU
		{E04FC122-8596-4230-B3D7-091D2B59D8BA}.Debug|Any CPU.Build.0 = Debug|Any CPU
		{E04FC122-8596-4230-B3D7-091D2B59D8BA}.Release|Any CPU.ActiveCfg = Release|Any CPU
		{E04FC122-8596-4230-B3D7-091D2B59D8BA}.Release|Any CPU.Build.0 = Release|Any CPU
		{D68703BA-8C8D-4E2B-BB76-489ED9EAB154}.Debug|Any CPU.ActiveCfg = Debug|Any CPU
		{D68703BA-8C8D-4E2B-BB76-489ED9EAB154}.Debug|Any CPU.Build.0 = Debug|Any CPU
		{D68703BA-8C8D-4E2B-BB76-489ED9EAB154}.Release|Any CPU.ActiveCfg = Release|Any CPU
		{D68703BA-8C8D-4E2B-BB76-489ED9EAB154}.Release|Any CPU.Build.0 = Release|Any CPU
		{74D3A0D2-DC99-4AEF-83ED-49E0855A8852}.Debug|Any CPU.ActiveCfg = Debug|Any CPU
		{74D3A0D2-DC99-4AEF-83ED-49E0855A8852}.Debug|Any CPU.Build.0 = Debug|Any CPU
		{74D3A0D2-DC99-4AEF-83ED-49E0855A8852}.Release|Any CPU.ActiveCfg = Release|Any CPU
		{74D3A0D2-DC99-4AEF-83ED-49E0855A8852}.Release|Any CPU.Build.0 = Release|Any CPU
		{21BE3DAF-C603-4FB3-A9C9-19710604BFC7}.Debug|Any CPU.ActiveCfg = Debug|Any CPU
		{21BE3DAF-C603-4FB3-A9C9-19710604BFC7}.Debug|Any CPU.Build.0 = Debug|Any CPU
		{21BE3DAF-C603-4FB3-A9C9-19710604BFC7}.Release|Any CPU.ActiveCfg = Release|Any CPU
		{21BE3DAF-C603-4FB3-A9C9-19710604BFC7}.Release|Any CPU.Build.0 = Release|Any CPU
		{900FD230-FCCB-492C-B058-E40E4A042EC0}.Debug|Any CPU.ActiveCfg = Debug|Any CPU
		{900FD230-FCCB-492C-B058-E40E4A042EC0}.Debug|Any CPU.Build.0 = Debug|Any CPU
		{900FD230-FCCB-492C-B058-E40E4A042EC0}.Release|Any CPU.ActiveCfg = Release|Any CPU
		{900FD230-FCCB-492C-B058-E40E4A042EC0}.Release|Any CPU.Build.0 = Release|Any CPU
		{6B6126C9-8E3C-4B19-AA9B-2095080A95E5}.Debug|Any CPU.ActiveCfg = Debug|Any CPU
		{6B6126C9-8E3C-4B19-AA9B-2095080A95E5}.Debug|Any CPU.Build.0 = Debug|Any CPU
		{6B6126C9-8E3C-4B19-AA9B-2095080A95E5}.Release|Any CPU.ActiveCfg = Release|Any CPU
		{6B6126C9-8E3C-4B19-AA9B-2095080A95E5}.Release|Any CPU.Build.0 = Release|Any CPU
		{F6401327-F54A-4739-94FA-68330CCDBF32}.Debug|Any CPU.ActiveCfg = Debug|Any CPU
		{F6401327-F54A-4739-94FA-68330CCDBF32}.Debug|Any CPU.Build.0 = Debug|Any CPU
		{F6401327-F54A-4739-94FA-68330CCDBF32}.Release|Any CPU.ActiveCfg = Release|Any CPU
		{F6401327-F54A-4739-94FA-68330CCDBF32}.Release|Any CPU.Build.0 = Release|Any CPU
		{0D764B99-5EE9-491B-B3F6-84365AD53CC7}.Debug|Any CPU.ActiveCfg = Debug|Any CPU
		{0D764B99-5EE9-491B-B3F6-84365AD53CC7}.Debug|Any CPU.Build.0 = Debug|Any CPU
		{0D764B99-5EE9-491B-B3F6-84365AD53CC7}.Release|Any CPU.ActiveCfg = Release|Any CPU
		{0D764B99-5EE9-491B-B3F6-84365AD53CC7}.Release|Any CPU.Build.0 = Release|Any CPU
		{2BFACDC3-F44D-4199-8498-F5C3C4AC0335}.Debug|Any CPU.ActiveCfg = Debug|Any CPU
		{2BFACDC3-F44D-4199-8498-F5C3C4AC0335}.Debug|Any CPU.Build.0 = Debug|Any CPU
		{2BFACDC3-F44D-4199-8498-F5C3C4AC0335}.Release|Any CPU.ActiveCfg = Release|Any CPU
		{2BFACDC3-F44D-4199-8498-F5C3C4AC0335}.Release|Any CPU.Build.0 = Release|Any CPU
		{E461C0A8-8900-485C-B520-E929BA33F712}.Debug|Any CPU.ActiveCfg = Debug|Any CPU
		{E461C0A8-8900-485C-B520-E929BA33F712}.Debug|Any CPU.Build.0 = Debug|Any CPU
		{E461C0A8-8900-485C-B520-E929BA33F712}.Release|Any CPU.ActiveCfg = Release|Any CPU
		{E461C0A8-8900-485C-B520-E929BA33F712}.Release|Any CPU.Build.0 = Release|Any CPU
		{99E5C30A-6A22-4CC0-AEA6-DFFB00FD44D9}.Debug|Any CPU.ActiveCfg = Debug|Any CPU
		{99E5C30A-6A22-4CC0-AEA6-DFFB00FD44D9}.Debug|Any CPU.Build.0 = Debug|Any CPU
		{99E5C30A-6A22-4CC0-AEA6-DFFB00FD44D9}.Release|Any CPU.ActiveCfg = Release|Any CPU
		{99E5C30A-6A22-4CC0-AEA6-DFFB00FD44D9}.Release|Any CPU.Build.0 = Release|Any CPU
		{0AEB64B0-BF34-4515-AC87-665C48A4A01E}.Debug|Any CPU.ActiveCfg = Debug|Any CPU
		{0AEB64B0-BF34-4515-AC87-665C48A4A01E}.Debug|Any CPU.Build.0 = Debug|Any CPU
		{0AEB64B0-BF34-4515-AC87-665C48A4A01E}.Release|Any CPU.ActiveCfg = Release|Any CPU
		{0AEB64B0-BF34-4515-AC87-665C48A4A01E}.Release|Any CPU.Build.0 = Release|Any CPU
		{EF9455D2-52DB-49E8-8C55-670B4A73DA23}.Debug|Any CPU.ActiveCfg = Debug|Any CPU
		{EF9455D2-52DB-49E8-8C55-670B4A73DA23}.Debug|Any CPU.Build.0 = Debug|Any CPU
		{EF9455D2-52DB-49E8-8C55-670B4A73DA23}.Release|Any CPU.ActiveCfg = Release|Any CPU
		{EF9455D2-52DB-49E8-8C55-670B4A73DA23}.Release|Any CPU.Build.0 = Release|Any CPU
		{1E885DF3-233B-466A-A52A-2DCC61A511C0}.Debug|Any CPU.ActiveCfg = Debug|Any CPU
		{1E885DF3-233B-466A-A52A-2DCC61A511C0}.Debug|Any CPU.Build.0 = Debug|Any CPU
		{1E885DF3-233B-466A-A52A-2DCC61A511C0}.Release|Any CPU.ActiveCfg = Release|Any CPU
		{1E885DF3-233B-466A-A52A-2DCC61A511C0}.Release|Any CPU.Build.0 = Release|Any CPU
		{ADDBC5E9-6D37-4094-8370-A54DE0F6485E}.Debug|Any CPU.ActiveCfg = Debug|Any CPU
		{ADDBC5E9-6D37-4094-8370-A54DE0F6485E}.Debug|Any CPU.Build.0 = Debug|Any CPU
		{ADDBC5E9-6D37-4094-8370-A54DE0F6485E}.Release|Any CPU.ActiveCfg = Release|Any CPU
		{ADDBC5E9-6D37-4094-8370-A54DE0F6485E}.Release|Any CPU.Build.0 = Release|Any CPU
		{96B869B9-752B-486B-B89D-C39EC45B1288}.Debug|Any CPU.ActiveCfg = Debug|Any CPU
		{96B869B9-752B-486B-B89D-C39EC45B1288}.Debug|Any CPU.Build.0 = Debug|Any CPU
		{96B869B9-752B-486B-B89D-C39EC45B1288}.Release|Any CPU.ActiveCfg = Release|Any CPU
		{96B869B9-752B-486B-B89D-C39EC45B1288}.Release|Any CPU.Build.0 = Release|Any CPU
		{9666A25E-BC82-487A-A2BF-FF02E7DD010C}.Debug|Any CPU.ActiveCfg = Debug|Any CPU
		{9666A25E-BC82-487A-A2BF-FF02E7DD010C}.Debug|Any CPU.Build.0 = Debug|Any CPU
		{9666A25E-BC82-487A-A2BF-FF02E7DD010C}.Release|Any CPU.ActiveCfg = Release|Any CPU
		{9666A25E-BC82-487A-A2BF-FF02E7DD010C}.Release|Any CPU.Build.0 = Release|Any CPU
		{ECC21992-DC9F-40BF-8B60-8C19ED65749C}.Debug|Any CPU.ActiveCfg = Debug|Any CPU
		{ECC21992-DC9F-40BF-8B60-8C19ED65749C}.Debug|Any CPU.Build.0 = Debug|Any CPU
		{ECC21992-DC9F-40BF-8B60-8C19ED65749C}.Release|Any CPU.ActiveCfg = Release|Any CPU
		{ECC21992-DC9F-40BF-8B60-8C19ED65749C}.Release|Any CPU.Build.0 = Release|Any CPU
		{CAC2DB79-DFF9-4B9B-9ACA-18A1FDB396E8}.Debug|Any CPU.ActiveCfg = Debug|Any CPU
		{CAC2DB79-DFF9-4B9B-9ACA-18A1FDB396E8}.Debug|Any CPU.Build.0 = Debug|Any CPU
		{CAC2DB79-DFF9-4B9B-9ACA-18A1FDB396E8}.Release|Any CPU.ActiveCfg = Release|Any CPU
		{CAC2DB79-DFF9-4B9B-9ACA-18A1FDB396E8}.Release|Any CPU.Build.0 = Release|Any CPU
		{883A34B7-6ECE-4948-BB6F-760E5887F653}.Debug|Any CPU.ActiveCfg = Debug|Any CPU
		{883A34B7-6ECE-4948-BB6F-760E5887F653}.Debug|Any CPU.Build.0 = Debug|Any CPU
		{883A34B7-6ECE-4948-BB6F-760E5887F653}.Release|Any CPU.ActiveCfg = Release|Any CPU
		{883A34B7-6ECE-4948-BB6F-760E5887F653}.Release|Any CPU.Build.0 = Release|Any CPU
		{E1C29A32-E3A4-4C67-927D-C49E8BBE2F1D}.Debug|Any CPU.ActiveCfg = Debug|Any CPU
		{E1C29A32-E3A4-4C67-927D-C49E8BBE2F1D}.Debug|Any CPU.Build.0 = Debug|Any CPU
		{E1C29A32-E3A4-4C67-927D-C49E8BBE2F1D}.Release|Any CPU.ActiveCfg = Release|Any CPU
		{E1C29A32-E3A4-4C67-927D-C49E8BBE2F1D}.Release|Any CPU.Build.0 = Release|Any CPU
	EndGlobalSection
	GlobalSection(SolutionProperties) = preSolution
		HideSolutionNode = FALSE
	EndGlobalSection
	GlobalSection(NestedProjects) = preSolution
		{3A65E484-4B4C-4AEC-9EDC-CF20094965C3} = {1BF3FEE2-560D-4261-A8A3-C3A13EFD1168}
		{EA5A3E00-3537-4B83-A70C-DD57F96D0FC0} = {1BF3FEE2-560D-4261-A8A3-C3A13EFD1168}
		{E04FC122-8596-4230-B3D7-091D2B59D8BA} = {9A867249-3AA7-4FFA-9E98-D35D8EDCB6B3}
		{9A867249-3AA7-4FFA-9E98-D35D8EDCB6B3} = {1BF3FEE2-560D-4261-A8A3-C3A13EFD1168}
		{D68703BA-8C8D-4E2B-BB76-489ED9EAB154} = {9A867249-3AA7-4FFA-9E98-D35D8EDCB6B3}
		{74D3A0D2-DC99-4AEF-83ED-49E0855A8852} = {9A867249-3AA7-4FFA-9E98-D35D8EDCB6B3}
		{21BE3DAF-C603-4FB3-A9C9-19710604BFC7} = {471E2BC1-DAF5-4025-ACCE-3E304D051772}
		{900FD230-FCCB-492C-B058-E40E4A042EC0} = {0E168EBA-1C6C-4672-BB73-0C314DFD4A4F}
		{6B6126C9-8E3C-4B19-AA9B-2095080A95E5} = {1A1E2794-F66E-4172-AEED-3FFFB5CEE618}
		{1A1E2794-F66E-4172-AEED-3FFFB5CEE618} = {0E168EBA-1C6C-4672-BB73-0C314DFD4A4F}
		{F6401327-F54A-4739-94FA-68330CCDBF32} = {1A1E2794-F66E-4172-AEED-3FFFB5CEE618}
		{0D764B99-5EE9-491B-B3F6-84365AD53CC7} = {2A866534-9FFB-4671-B574-1C2AE14597A3}
		{2BFACDC3-F44D-4199-8498-F5C3C4AC0335} = {1AE10D39-D1ED-477C-98A5-055388D2E582}
		{E461C0A8-8900-485C-B520-E929BA33F712} = {1AE10D39-D1ED-477C-98A5-055388D2E582}
		{99E5C30A-6A22-4CC0-AEA6-DFFB00FD44D9} = {2A866534-9FFB-4671-B574-1C2AE14597A3}
		{0AEB64B0-BF34-4515-AC87-665C48A4A01E} = {2A866534-9FFB-4671-B574-1C2AE14597A3}
		{EF9455D2-52DB-49E8-8C55-670B4A73DA23} = {937EE674-4C02-40E0-892D-4FB50C493299}
		{1E885DF3-233B-466A-A52A-2DCC61A511C0} = {937EE674-4C02-40E0-892D-4FB50C493299}
		{ADDBC5E9-6D37-4094-8370-A54DE0F6485E} = {937EE674-4C02-40E0-892D-4FB50C493299}
		{96B869B9-752B-486B-B89D-C39EC45B1288} = {8839B464-2FC5-4B2C-B568-DAA972E4B287}
		{9666A25E-BC82-487A-A2BF-FF02E7DD010C} = {8839B464-2FC5-4B2C-B568-DAA972E4B287}
		{ECC21992-DC9F-40BF-8B60-8C19ED65749C} = {41C006CD-283A-4FEB-B9FE-53DD8F2FD1DE}
		{BC7CB75D-77D9-4321-92F8-FE4F91E78DEC} = {41C006CD-283A-4FEB-B9FE-53DD8F2FD1DE}
		{CAC2DB79-DFF9-4B9B-9ACA-18A1FDB396E8} = {BC7CB75D-77D9-4321-92F8-FE4F91E78DEC}
		{883A34B7-6ECE-4948-BB6F-760E5887F653} = {BC7CB75D-77D9-4321-92F8-FE4F91E78DEC}
		{E1C29A32-E3A4-4C67-927D-C49E8BBE2F1D} = {D76980F4-CF70-45FF-8209-F0CBD87B0D51}
	EndGlobalSection
	GlobalSection(ExtensibilityGlobals) = postSolution
		SolutionGuid = {7DD04178-3634-43D6-9EF1-0DA6698EA723}
	EndGlobalSection
EndGlobal
