
Microsoft Visual Studio Solution File, Format Version 12.00
# Visual Studio Version 16
VisualStudioVersion = 16.0.31112.23
MinimumVisualStudioVersion = 10.0.40219.1
Project("{2150E333-8FDC-42A3-9474-1A3956D46DE8}") = "Chapter02", "Chapter02", "{1BF3FEE2-560D-4261-A8A3-C3A13EFD1168}"
EndProject
Project("{FAE04EC0-301F-11D3-BF4B-00C04F79EFBC}") = "DistanceConverter", "DistanceConverter\DistanceConverter.csproj", "{3A65E484-4B4C-4AEC-9EDC-CF20094965C3}"
EndProject
Project("{FAE04EC0-301F-11D3-BF4B-00C04F79EFBC}") = "SalesCalculator", "SalesCalculator\SalesCalculator.csproj", "{EA5A3E00-3537-4B83-A70C-DD57F96D0FC0}"
EndProject
Project("{FAE04EC0-301F-11D3-BF4B-00C04F79EFBC}") = "Exercise1", "Exercise1\Exercise1.csproj", "{E04FC122-8596-4230-B3D7-091D2B59D8BA}"
EndProject
Project("{2150E333-8FDC-42A3-9474-1A3956D46DE8}") = "Exercise", "Exercise", "{9A867249-3AA7-4FFA-9E98-D35D8EDCB6B3}"
EndProject
Project("{FAE04EC0-301F-11D3-BF4B-00C04F79EFBC}") = "Exercise2", "Exercise2\Exercise2.csproj", "{D68703BA-8C8D-4E2B-BB76-489ED9EAB154}"
EndProject
Project("{FAE04EC0-301F-11D3-BF4B-00C04F79EFBC}") = "Exercise3", "Exercise3\Exercise3.csproj", "{74D3A0D2-DC99-4AEF-83ED-49E0855A8852}"
EndProject
Project("{2150E333-8FDC-42A3-9474-1A3956D46DE8}") = "Chapter03", "Chapter03", "{471E2BC1-DAF5-4025-ACCE-3E304D051772}"
EndProject
Project("{FAE04EC0-301F-11D3-BF4B-00C04F79EFBC}") = "Section01", "Section01\Section01.csproj", "{21BE3DAF-C603-4FB3-A9C9-19710604BFC7}"
EndProject
Global
	GlobalSection(SolutionConfigurationPlatforms) = preSolution
		Debug|Any CPU = Debug|Any CPU
		Release|Any CPU = Release|Any CPU
	EndGlobalSection
	GlobalSection(ProjectConfigurationPlatforms) = postSolution
		{3A65E484-4B4C-4AEC-9EDC-CF20094965C3}.Debug|Any CPU.ActiveCfg = Debug|Any CPU
		{3A65E484-4B4C-4AEC-9EDC-CF20094965C3}.Debug|Any CPU.Build.0 = Debug|Any CPU
		{3A65E484-4B4C-4AEC-9EDC-CF20094965C3}.Release|Any CPU.ActiveCfg = Release|Any CPU
		{3A65E484-4B4C-4AEC-9EDC-CF20094965C3}.Release|Any CPU.Build.0 = Release|Any CPU
		{EA5A3E00-3537-4B83-A70C-DD57F96D0FC0}.Debug|Any CPU.ActiveCfg = Debug|Any CPU
		{EA5A3E00-3537-4B83-A70C-DD57F96D0FC0}.Debug|Any CPU.Build.0 = Debug|Any CPU
		{EA5A3E00-3537-4B83-A70C-DD57F96D0FC0}.Release|Any CPU.ActiveCfg = Release|Any CPU
		{EA5A3E00-3537-4B83-A70C-DD57F96D0FC0}.Release|Any CPU.Build.0 = Release|Any CPU
		{E04FC122-8596-4230-B3D7-091D2B59D8BA}.Debug|Any CPU.ActiveCfg = Debug|Any CPU
		{E04FC122-8596-4230-B3D7-091D2B59D8BA}.Debug|Any CPU.Build.0 = Debug|Any CPU
		{E04FC122-8596-4230-B3D7-091D2B59D8BA}.Release|Any CPU.ActiveCfg = Release|Any CPU
		{E04FC122-8596-4230-B3D7-091D2B59D8BA}.Release|Any CPU.Build.0 = Release|Any CPU
		{D68703BA-8C8D-4E2B-BB76-489ED9EAB154}.Debug|Any CPU.ActiveCfg = Debug|Any CPU
		{D68703BA-8C8D-4E2B-BB76-489ED9EAB154}.Debug|Any CPU.Build.0 = Debug|Any CPU
		{D68703BA-8C8D-4E2B-BB76-489ED9EAB154}.Release|Any CPU.ActiveCfg = Release|Any CPU
		{D68703BA-8C8D-4E2B-BB76-489ED9EAB154}.Release|Any CPU.Build.0 = Release|Any CPU
		{74D3A0D2-DC99-4AEF-83ED-49E0855A8852}.Debug|Any CPU.ActiveCfg = Debug|Any CPU
		{74D3A0D2-DC99-4AEF-83ED-49E0855A8852}.Debug|Any CPU.Build.0 = Debug|Any CPU
		{74D3A0D2-DC99-4AEF-83ED-49E0855A8852}.Release|Any CPU.ActiveCfg = Release|Any CPU
		{74D3A0D2-DC99-4AEF-83ED-49E0855A8852}.Release|Any CPU.Build.0 = Release|Any CPU
		{21BE3DAF-C603-4FB3-A9C9-19710604BFC7}.Debug|Any CPU.ActiveCfg = Debug|Any CPU
		{21BE3DAF-C603-4FB3-A9C9-19710604BFC7}.Debug|Any CPU.Build.0 = Debug|Any CPU
		{21BE3DAF-C603-4FB3-A9C9-19710604BFC7}.Release|Any CPU.ActiveCfg = Release|Any CPU
		{21BE3DAF-C603-4FB3-A9C9-19710604BFC7}.Release|Any CPU.Build.0 = Release|Any CPU
	EndGlobalSection
	GlobalSection(SolutionProperties) = preSolution
		HideSolutionNode = FALSE
	EndGlobalSection
	GlobalSection(NestedProjects) = preSolution
		{3A65E484-4B4C-4AEC-9EDC-CF20094965C3} = {1BF3FEE2-560D-4261-A8A3-C3A13EFD1168}
		{EA5A3E00-3537-4B83-A70C-DD57F96D0FC0} = {1BF3FEE2-560D-4261-A8A3-C3A13EFD1168}
		{E04FC122-8596-4230-B3D7-091D2B59D8BA} = {9A867249-3AA7-4FFA-9E98-D35D8EDCB6B3}
		{9A867249-3AA7-4FFA-9E98-D35D8EDCB6B3} = {1BF3FEE2-560D-4261-A8A3-C3A13EFD1168}
		{D68703BA-8C8D-4E2B-BB76-489ED9EAB154} = {9A867249-3AA7-4FFA-9E98-D35D8EDCB6B3}
		{74D3A0D2-DC99-4AEF-83ED-49E0855A8852} = {9A867249-3AA7-4FFA-9E98-D35D8EDCB6B3}
		{21BE3DAF-C603-4FB3-A9C9-19710604BFC7} = {471E2BC1-DAF5-4025-ACCE-3E304D051772}
	EndGlobalSection
	GlobalSection(ExtensibilityGlobals) = postSolution
		SolutionGuid = {7DD04178-3634-43D6-9EF1-0DA6698EA723}
	EndGlobalSection
EndGlobal
